
Microsoft Visual Studio Solution File, Format Version 12.00
# Visual Studio Version 17
VisualStudioVersion = 17.1.32210.238
MinimumVisualStudioVersion = 10.0.40219.1
Project("{FAE04EC0-301F-11D3-BF4B-00C04F79EFBC}") = "SendEmail", "SendEmail.csproj", "{08967B5B-B72D-4256-872A-E819412CB0B9}"
EndProject
Global
	GlobalSection(SolutionConfigurationPlatforms) = preSolution
		Debug|Any CPU = Debug|Any CPU
		Release|Any CPU = Release|Any CPU
	EndGlobalSection
	GlobalSection(ProjectConfigurationPlatforms) = postSolution
		{08967B5B-B72D-4256-872A-E819412CB0B9}.Debug|Any CPU.ActiveCfg = Debug|Any CPU
		{08967B5B-B72D-4256-872A-E819412CB0B9}.Debug|Any CPU.Build.0 = Debug|Any CPU
		{08967B5B-B72D-4256-872A-E819412CB0B9}.Release|Any CPU.ActiveCfg = Release|Any CPU
		{08967B5B-B72D-4256-872A-E819412CB0B9}.Release|Any CPU.Build.0 = Release|Any CPU
	EndGlobalSection
	GlobalSection(SolutionProperties) = preSolution
		HideSolutionNode = FALSE
	EndGlobalSection
	GlobalSection(ExtensibilityGlobals) = postSolution
		SolutionGuid = {ED7A3B22-4576-4144-B467-B5B49C666D74}
	EndGlobalSection
EndGlobal
